github.com/hootrhino/goserial v0.2.1 h1:WZZee20y1Z7coQ5XL9FzWSNdjsxpNVzwM99Tq1erKWs=
github.com/hootrhino/goserial v0.2.1/go.mod h1:DR0bw52FrVO+7LXgPb38NybXjVsA3pRv7IWIfltYP5k=
github.com/wwhai/goserial v0.2.0 h1:kl+rJXGsSM9HMIwmZTVEyBXiJpp/gjIzQzrY/gQSnYI=
github.com/wwhai/goserial v0.2.0/go.mod h1:Uj8aER/uh/cDyzxzkV3KGl6GzcJCmC6hkBlJtgp5PTU=
